github.com/n1kx/go-excel v1.4.4 h1:NNXsag089/kEcOu7qy3EqpM9JKBJVUUjPdRJpfxvGYk=
github.com/n1kx/go-excel v1.4.4/go.mod h1:Rx7dRnNACighyG038X+yXtCitIxGoDxHNSwZJIZkpJQ=
github.com/szyhf/go-convert v1.0.0 h1:L49o5JLMPzXYRggFqwNEzDw1gAQktpyWfKZqcPzEmX8=
github.com/szyhf/go-convert v1.0.0/go.mod h1:BgotSGjAF33Z4fcU/fe8OPYZoo6mKiBiKvJ+FVih5UM=
